// !$*UTF8*$!
{
	archiveVersion = 1;
	classes = {
	};
	objectVersion = 55;
	objects = {

/* Begin PBXBuildFile section */
		16CAF9914F6415893CA60C2D /* Pods_Movie_Search_App.framework in Frameworks */ = {isa = PBXBuildFile; fileRef = 16528CF7960947DD34698576 /* Pods_Movie_Search_App.framework */; };
		302A14D3279162B800033937 /* RapidApiManager.swift in Sources */ = {isa = PBXBuildFile; fileRef = 302A14D2279162B800033937 /* RapidApiManager.swift */; };
		302CEE1527858CCD0017E0D7 /* Reachability.swift in Sources */ = {isa = PBXBuildFile; fileRef = 302CEE1427858CCD0017E0D7 /* Reachability.swift */; };
		302F97E5277073E50000B975 /* Constants.swift in Sources */ = {isa = PBXBuildFile; fileRef = 302F97E4277073E50000B975 /* Constants.swift */; };
		30595240275CED40003A7049 /* Film.swift in Sources */ = {isa = PBXBuildFile; fileRef = 3059523F275CED40003A7049 /* Film.swift */; };
		30595242275D5078003A7049 /* LoadViewController.swift in Sources */ = {isa = PBXBuildFile; fileRef = 30595241275D5078003A7049 /* LoadViewController.swift */; };
		305ADFE7278EC5D4002D39C8 /* InfoTableViewController.swift in Sources */ = {isa = PBXBuildFile; fileRef = 305ADFE6278EC5D3002D39C8 /* InfoTableViewController.swift */; };
		305ADFE9278EFB0A002D39C8 /* SettingViewController.swift in Sources */ = {isa = PBXBuildFile; fileRef = 305ADFE8278EFB0A002D39C8 /* SettingViewController.swift */; };
		305C361E2799434400477095 /* Movie_Search_App.xcdatamodeld in Sources */ = {isa = PBXBuildFile; fileRef = 30C87F1227689B5E002C7242 /* Movie_Search_App.xcdatamodeld */; };
		30687FFE278C43A1003CDE31 /* MainCollectionVC.swift in Sources */ = {isa = PBXBuildFile; fileRef = 30687FFD278C43A1003CDE31 /* MainCollectionVC.swift */; };
		30688000278C43BF003CDE31 /* FavoritesCollectionVC.swift in Sources */ = {isa = PBXBuildFile; fileRef = 30687FFF278C43BF003CDE31 /* FavoritesCollectionVC.swift */; };
		30688002278C43DA003CDE31 /* CollectionViewCell.swift in Sources */ = {isa = PBXBuildFile; fileRef = 30688001278C43DA003CDE31 /* CollectionViewCell.swift */; };
		307DC0ED27A2C6BB00647613 /* CoreDataManager.swift in Sources */ = {isa = PBXBuildFile; fileRef = 307DC0EC27A2C6BB00647613 /* CoreDataManager.swift */; };
		30863A102799B70F00CC45BA /* FavoriteFilm+CoreDataClass.swift in Sources */ = {isa = PBXBuildFile; fileRef = 30863A0E2799B70F00CC45BA /* FavoriteFilm+CoreDataClass.swift */; };
		30863A112799B70F00CC45BA /* FavoriteFilm+CoreDataProperties.swift in Sources */ = {isa = PBXBuildFile; fileRef = 30863A0F2799B70F00CC45BA /* FavoriteFilm+CoreDataProperties.swift */; };
		30863A13279AF48800CC45BA /* GoogleService-Info.plist in Resources */ = {isa = PBXBuildFile; fileRef = 30863A12279AF48800CC45BA /* GoogleService-Info.plist */; };
		30CA0C64275B8559009468D2 /* AppDelegate.swift in Sources */ = {isa = PBXBuildFile; fileRef = 30CA0C63275B8559009468D2 /* AppDelegate.swift */; };
		30CA0C66275B8559009468D2 /* SceneDelegate.swift in Sources */ = {isa = PBXBuildFile; fileRef = 30CA0C65275B8559009468D2 /* SceneDelegate.swift */; };
		30CA0C6B275B8559009468D2 /* Main.storyboard in Resources */ = {isa = PBXBuildFile; fileRef = 30CA0C69275B8559009468D2 /* Main.storyboard */; };
		30CA0C70275B855B009468D2 /* Assets.xcassets in Resources */ = {isa = PBXBuildFile; fileRef = 30CA0C6F275B855B009468D2 /* Assets.xcassets */; };
		30CA0C73275B855B009468D2 /* LaunchScreen.storyboard in Resources */ = {isa = PBXBuildFile; fileRef = 30CA0C71275B855B009468D2 /* LaunchScreen.storyboard */; };
		30CA0C7F275BE43B009468D2 /* TVMazeApiManager.swift in Sources */ = {isa = PBXBuildFile; fileRef = 30CA0C7E275BE43B009468D2 /* TVMazeApiManager.swift */; };
		30DFA0042779C19000B09E34 /* MoreInfoViewController.swift in Sources */ = {isa = PBXBuildFile; fileRef = 30DFA0032779C19000B09E34 /* MoreInfoViewController.swift */; };
		FC09C553E8F4DC01D2E8655A /* Pods_Movie_Search_App.framework in Frameworks */ = {isa = PBXBuildFile; fileRef = BAB2F67A010CB26FFC9BE1FC /* Pods_Movie_Search_App.framework */; };
/* End PBXBuildFile section */

/* Begin PBXFileReference section */
		16528CF7960947DD34698576 /* Pods_Movie_Search_App.framework */ = {isa = PBXFileReference; explicitFileType = wrapper.framework; includeInIndex = 0; path = Pods_Movie_Search_App.framework; sourceTree = BUILT_PRODUCTS_DIR; };
		302A14D2279162B800033937 /* RapidApiManager.swift */ = {isa = PBXFileReference; lastKnownFileType = sourcecode.swift; path = RapidApiManager.swift; sourceTree = "<group>"; };
		302CEE1427858CCD0017E0D7 /* Reachability.swift */ = {isa = PBXFileReference; lastKnownFileType = sourcecode.swift; path = Reachability.swift; sourceTree = "<group>"; };
		302F97E4277073E50000B975 /* Constants.swift */ = {isa = PBXFileReference; lastKnownFileType = sourcecode.swift; path = Constants.swift; sourceTree = "<group>"; };
		3059523F275CED40003A7049 /* Film.swift */ = {isa = PBXFileReference; lastKnownFileType = sourcecode.swift; path = Film.swift; sourceTree = "<group>"; };
		30595241275D5078003A7049 /* LoadViewController.swift */ = {isa = PBXFileReference; lastKnownFileType = sourcecode.swift; path = LoadViewController.swift; sourceTree = "<group>"; };
		305ADFE6278EC5D3002D39C8 /* InfoTableViewController.swift */ = {isa = PBXFileReference; lastKnownFileType = sourcecode.swift; path = InfoTableViewController.swift; sourceTree = "<group>"; };
		305ADFE8278EFB0A002D39C8 /* SettingViewController.swift */ = {isa = PBXFileReference; lastKnownFileType = sourcecode.swift; path = SettingViewController.swift; sourceTree = "<group>"; };
		30687FFD278C43A1003CDE31 /* MainCollectionVC.swift */ = {isa = PBXFileReference; lastKnownFileType = sourcecode.swift; path = MainCollectionVC.swift; sourceTree = "<group>"; };
		30687FFF278C43BF003CDE31 /* FavoritesCollectionVC.swift */ = {isa = PBXFileReference; lastKnownFileType = sourcecode.swift; path = FavoritesCollectionVC.swift; sourceTree = "<group>"; };
		30688001278C43DA003CDE31 /* CollectionViewCell.swift */ = {isa = PBXFileReference; lastKnownFileType = sourcecode.swift; path = CollectionViewCell.swift; sourceTree = "<group>"; };
		307DC0EC27A2C6BB00647613 /* CoreDataManager.swift */ = {isa = PBXFileReference; lastKnownFileType = sourcecode.swift; path = CoreDataManager.swift; sourceTree = "<group>"; };
		30863A0E2799B70F00CC45BA /* FavoriteFilm+CoreDataClass.swift */ = {isa = PBXFileReference; lastKnownFileType = sourcecode.swift; path = "FavoriteFilm+CoreDataClass.swift"; sourceTree = "<group>"; };
		30863A0F2799B70F00CC45BA /* FavoriteFilm+CoreDataProperties.swift */ = {isa = PBXFileReference; lastKnownFileType = sourcecode.swift; path = "FavoriteFilm+CoreDataProperties.swift"; sourceTree = "<group>"; };
		30863A12279AF48800CC45BA /* GoogleService-Info.plist */ = {isa = PBXFileReference; fileEncoding = 4; lastKnownFileType = text.plist.xml; path = "GoogleService-Info.plist"; sourceTree = "<group>"; };
		30C87F1327689B5E002C7242 /* Movie_Serch_App.xcdatamodel */ = {isa = PBXFileReference; lastKnownFileType = wrapper.xcdatamodel; path = Movie_Serch_App.xcdatamodel; sourceTree = "<group>"; };
		30CA0C60275B8559009468D2 /* Movie Search App.app */ = {isa = PBXFileReference; explicitFileType = wrapper.application; includeInIndex = 0; path = "Movie Search App.app"; sourceTree = BUILT_PRODUCTS_DIR; };
		30CA0C63275B8559009468D2 /* AppDelegate.swift */ = {isa = PBXFileReference; lastKnownFileType = sourcecode.swift; path = AppDelegate.swift; sourceTree = "<group>"; };
		30CA0C65275B8559009468D2 /* SceneDelegate.swift */ = {isa = PBXFileReference; lastKnownFileType = sourcecode.swift; path = SceneDelegate.swift; sourceTree = "<group>"; };
		30CA0C6A275B8559009468D2 /* Base */ = {isa = PBXFileReference; lastKnownFileType = file.storyboard; name = Base; path = Base.lproj/Main.storyboard; sourceTree = "<group>"; };
		30CA0C6F275B855B009468D2 /* Assets.xcassets */ = {isa = PBXFileReference; lastKnownFileType = folder.assetcatalog; path = Assets.xcassets; sourceTree = "<group>"; };
		30CA0C72275B855B009468D2 /* Base */ = {isa = PBXFileReference; lastKnownFileType = file.storyboard; name = Base; path = Base.lproj/LaunchScreen.storyboard; sourceTree = "<group>"; };
		30CA0C74275B855B009468D2 /* Info.plist */ = {isa = PBXFileReference; lastKnownFileType = text.plist.xml; path = Info.plist; sourceTree = "<group>"; };
		30CA0C7E275BE43B009468D2 /* TVMazeApiManager.swift */ = {isa = PBXFileReference; lastKnownFileType = sourcecode.swift; path = TVMazeApiManager.swift; sourceTree = "<group>"; };
		30DFA0032779C19000B09E34 /* MoreInfoViewController.swift */ = {isa = PBXFileReference; lastKnownFileType = sourcecode.swift; path = MoreInfoViewController.swift; sourceTree = "<group>"; };
		F1058B4A519B07F5244E396C /* Pods-Movie Search App.release.xcconfig */ = {isa = PBXFileReference; includeInIndex = 1; lastKnownFileType = text.xcconfig; name = "Pods-Movie Search App.release.xcconfig"; path = "Target Support Files/Pods-Movie Search App/Pods-Movie Search App.release.xcconfig"; sourceTree = "<group>"; };
		F667D234C71075027A0BA8BA /* Pods-Movie Search App.debug.xcconfig */ = {isa = PBXFileReference; includeInIndex = 1; lastKnownFileType = text.xcconfig; name = "Pods-Movie Search App.debug.xcconfig"; path = "Target Support Files/Pods-Movie Search App/Pods-Movie Search App.debug.xcconfig"; sourceTree = "<group>"; };
/* End PBXFileReference section */

/* Begin PBXFrameworksBuildPhase section */
		30CA0C5D275B8559009468D2 /* Frameworks */ = {
			isa = PBXFrameworksBuildPhase;
			buildActionMask = 2147483647;
			files = (
				16CAF9914F6415893CA60C2D /* Pods_Movie_Search_App.framework in Frameworks */,
			);
			runOnlyForDeploymentPostprocessing = 0;
		};
/* End PBXFrameworksBuildPhase section */

/* Begin PBXGroup section */
		04BEECE24A5D9FFA1C492695 /* Frameworks */ = {
			isa = PBXGroup;
			children = (
				16528CF7960947DD34698576 /* Pods_Movie_Search_App.framework */,
			);
			name = Frameworks;
			sourceTree = "<group>";
		};
		2A55F818A78B133155A0FE87 /* Pods */ = {
			isa = PBXGroup;
			children = (
				F667D234C71075027A0BA8BA /* Pods-Movie Search App.debug.xcconfig */,
				F1058B4A519B07F5244E396C /* Pods-Movie Search App.release.xcconfig */,
			);
			path = Pods;
			sourceTree = "<group>";
		};
		3059523B275CEC33003A7049 /* Delegate */ = {
			isa = PBXGroup;
			children = (
				30CA0C65275B8559009468D2 /* SceneDelegate.swift */,
				30CA0C63275B8559009468D2 /* AppDelegate.swift */,
				30863A12279AF48800CC45BA /* GoogleService-Info.plist */,
			);
			path = Delegate;
			sourceTree = "<group>";
		};
		30688003278C4416003CDE31 /* CollectionVC */ = {
			isa = PBXGroup;
			children = (
				30687FFD278C43A1003CDE31 /* MainCollectionVC.swift */,
				30687FFF278C43BF003CDE31 /* FavoritesCollectionVC.swift */,
				30688001278C43DA003CDE31 /* CollectionViewCell.swift */,
			);
			path = CollectionVC;
			sourceTree = "<group>";
		};
		307DC0E827A14BE200647613 /* API */ = {
			isa = PBXGroup;
			children = (
				302A14D2279162B800033937 /* RapidApiManager.swift */,
				30CA0C7E275BE43B009468D2 /* TVMazeApiManager.swift */,
			);
			path = API;
			sourceTree = "<group>";
		};
		307DC0E927A14C0D00647613 /* Model+Constants */ = {
			isa = PBXGroup;
			children = (
				3059523F275CED40003A7049 /* Film.swift */,
				302F97E4277073E50000B975 /* Constants.swift */,
			);
			path = "Model+Constants";
			sourceTree = "<group>";
		};
		307DC0EA27A14C5B00647613 /* LoadScreen+Reachability */ = {
			isa = PBXGroup;
			children = (
				302CEE1427858CCD0017E0D7 /* Reachability.swift */,
				30595241275D5078003A7049 /* LoadViewController.swift */,
			);
			path = "LoadScreen+Reachability";
			sourceTree = "<group>";
		};
		307DC0EB27A14CD200647613 /* TableVC */ = {
			isa = PBXGroup;
			children = (
				305ADFE6278EC5D3002D39C8 /* InfoTableViewController.swift */,
				305ADFE8278EFB0A002D39C8 /* SettingViewController.swift */,
				30DFA0032779C19000B09E34 /* MoreInfoViewController.swift */,
			);
			path = TableVC;
			sourceTree = "<group>";
		};
		30CA0C57275B8559009468D2 = {
			isa = PBXGroup;
			children = (
				30CC84522798613400F02BA9 /* CoreData */,
				30CA0C62275B8559009468D2 /* Movie Search App */,
				30CA0C61275B8559009468D2 /* Products */,
				2A55F818A78B133155A0FE87 /* Pods */,
				04BEECE24A5D9FFA1C492695 /* Frameworks */,

			);
			sourceTree = "<group>";
		};
		30CA0C61275B8559009468D2 /* Products */ = {
			isa = PBXGroup;
			children = (
				30CA0C60275B8559009468D2 /* Movie Search App.app */,
			);
			name = Products;
			sourceTree = "<group>";
		};
		30CA0C62275B8559009468D2 /* Movie Search App */ = {
			isa = PBXGroup;
			children = (
				307DC0EA27A14C5B00647613 /* LoadScreen+Reachability */,
				307DC0E927A14C0D00647613 /* Model+Constants */,
				307DC0E827A14BE200647613 /* API */,
				3059523B275CEC33003A7049 /* Delegate */,
				30688003278C4416003CDE31 /* CollectionVC */,
				307DC0EB27A14CD200647613 /* TableVC */,
				30CA0C69275B8559009468D2 /* Main.storyboard */,
				30CA0C6F275B855B009468D2 /* Assets.xcassets */,
				30CA0C71275B855B009468D2 /* LaunchScreen.storyboard */,
				30CA0C74275B855B009468D2 /* Info.plist */,
				30C87F1227689B5E002C7242 /* Movie_Search_App.xcdatamodeld */,
			);
			path = "Movie Search App";
			sourceTree = "<group>";
		};
		30CC84522798613400F02BA9 /* CoreData */ = {
			isa = PBXGroup;
			children = (
				30863A0E2799B70F00CC45BA /* FavoriteFilm+CoreDataClass.swift */,
				30863A0F2799B70F00CC45BA /* FavoriteFilm+CoreDataProperties.swift */,
				307DC0EC27A2C6BB00647613 /* CoreDataManager.swift */,
			);
			path = CoreData;
			sourceTree = "<group>";
		};
		4313AF8055895B5F4EDE369A /* Frameworks */ = {
			isa = PBXGroup;
			children = (
				BAB2F67A010CB26FFC9BE1FC /* Pods_Movie_Search_App.framework */,
			);
			name = Frameworks;
			sourceTree = "<group>";
		};
/* End PBXGroup section */

/* Begin PBXNativeTarget section */
		30CA0C5F275B8559009468D2 /* Movie Search App */ = {
			isa = PBXNativeTarget;
			buildConfigurationList = 30CA0C77275B855B009468D2 /* Build configuration list for PBXNativeTarget "Movie Search App" */;
			buildPhases = (
				CCE4ED42EAC45568888F87B6 /* [CP] Check Pods Manifest.lock */,
				30CA0C5C275B8559009468D2 /* Sources */,
				30CA0C5D275B8559009468D2 /* Frameworks */,
				30CA0C5E275B8559009468D2 /* Resources */,
				89BD4DC2EB6CD6375443FE56 /* [CP] Embed Pods Frameworks */,
			);
			buildRules = (
			);
			dependencies = (
			);
			name = "Movie Search App";
			productName = "Movie Serch App";
			productReference = 30CA0C60275B8559009468D2 /* Movie Search App.app */;
			productType = "com.apple.product-type.application";
		};
/* End PBXNativeTarget section */

/* Begin PBXProject section */
		30CA0C58275B8559009468D2 /* Project object */ = {
			isa = PBXProject;
			attributes = {
				BuildIndependentTargetsInParallel = 1;
				LastSwiftUpdateCheck = 1310;
				LastUpgradeCheck = 1310;
				TargetAttributes = {
					30CA0C5F275B8559009468D2 = {
						CreatedOnToolsVersion = 13.1;
					};
				};
			};
			buildConfigurationList = 30CA0C5B275B8559009468D2 /* Build configuration list for PBXProject "Movie Search App" */;
			compatibilityVersion = "Xcode 13.0";
			developmentRegion = en;
			hasScannedForEncodings = 0;
			knownRegions = (
				en,
				Base,
			);
			mainGroup = 30CA0C57275B8559009468D2;
			productRefGroup = 30CA0C61275B8559009468D2 /* Products */;
			projectDirPath = "";
			projectRoot = "";
			targets = (
				30CA0C5F275B8559009468D2 /* Movie Search App */,
			);
		};
/* End PBXProject section */

/* Begin PBXResourcesBuildPhase section */
		30CA0C5E275B8559009468D2 /* Resources */ = {
			isa = PBXResourcesBuildPhase;
			buildActionMask = 2147483647;
			files = (
				30CA0C73275B855B009468D2 /* LaunchScreen.storyboard in Resources */,
				30863A13279AF48800CC45BA /* GoogleService-Info.plist in Resources */,
				30CA0C70275B855B009468D2 /* Assets.xcassets in Resources */,
				30CA0C6B275B8559009468D2 /* Main.storyboard in Resources */,
			);
			runOnlyForDeploymentPostprocessing = 0;
		};
/* End PBXResourcesBuildPhase section */

/* Begin PBXShellScriptBuildPhase section */
		89BD4DC2EB6CD6375443FE56 /* [CP] Embed Pods Frameworks */ = {
			isa = PBXShellScriptBuildPhase;
			buildActionMask = 2147483647;
			files = (
			);
			inputFileListPaths = (
				"${PODS_ROOT}/Target Support Files/Pods-Movie Search App/Pods-Movie Search App-frameworks-${CONFIGURATION}-input-files.xcfilelist",
			);
			name = "[CP] Embed Pods Frameworks";
			outputFileListPaths = (
				"${PODS_ROOT}/Target Support Files/Pods-Movie Search App/Pods-Movie Search App-frameworks-${CONFIGURATION}-output-files.xcfilelist",
			);
			runOnlyForDeploymentPostprocessing = 0;
			shellPath = /bin/sh;
			shellScript = "\"${PODS_ROOT}/Target Support Files/Pods-Movie Search App/Pods-Movie Search App-frameworks.sh\"\n";
			showEnvVarsInLog = 0;
		};
		CCE4ED42EAC45568888F87B6 /* [CP] Check Pods Manifest.lock */ = {
			isa = PBXShellScriptBuildPhase;
			buildActionMask = 2147483647;
			files = (
			);
			inputFileListPaths = (
			);
			inputPaths = (
				"${PODS_PODFILE_DIR_PATH}/Podfile.lock",
				"${PODS_ROOT}/Manifest.lock",
			);
			name = "[CP] Check Pods Manifest.lock";
			outputFileListPaths = (
			);
			outputPaths = (
				"$(DERIVED_FILE_DIR)/Pods-Movie Search App-checkManifestLockResult.txt",
			);
			runOnlyForDeploymentPostprocessing = 0;
			shellPath = /bin/sh;
			shellScript = "diff \"${PODS_PODFILE_DIR_PATH}/Podfile.lock\" \"${PODS_ROOT}/Manifest.lock\" > /dev/null\nif [ $? != 0 ] ; then\n    # print error to STDERR\n    echo \"error: The sandbox is not in sync with the Podfile.lock. Run 'pod install' or update your CocoaPods installation.\" >&2\n    exit 1\nfi\n# This output is used by Xcode 'outputs' to avoid re-running this script phase.\necho \"SUCCESS\" > \"${SCRIPT_OUTPUT_FILE_0}\"\n";
			showEnvVarsInLog = 0;
		};
		C9B813EDD647F10DE423B078 /* [CP] Embed Pods Frameworks */ = {
			isa = PBXShellScriptBuildPhase;
			buildActionMask = 2147483647;
			files = (
			);
			inputFileListPaths = (
				"${PODS_ROOT}/Target Support Files/Pods-Movie Search App/Pods-Movie Search App-frameworks-${CONFIGURATION}-input-files.xcfilelist",
			);
			name = "[CP] Embed Pods Frameworks";
			outputFileListPaths = (
				"${PODS_ROOT}/Target Support Files/Pods-Movie Search App/Pods-Movie Search App-frameworks-${CONFIGURATION}-output-files.xcfilelist",
			);
			runOnlyForDeploymentPostprocessing = 0;
			shellPath = /bin/sh;
			shellScript = "\"${PODS_ROOT}/Target Support Files/Pods-Movie Search App/Pods-Movie Search App-frameworks.sh\"\n";
			showEnvVarsInLog = 0;
		};
/* End PBXShellScriptBuildPhase section */

/* Begin PBXSourcesBuildPhase section */
		30CA0C5C275B8559009468D2 /* Sources */ = {
			isa = PBXSourcesBuildPhase;
			buildActionMask = 2147483647;
			files = (
				302A14D3279162B800033937 /* RapidApiManager.swift in Sources */,
				30DFA0042779C19000B09E34 /* MoreInfoViewController.swift in Sources */,
				30687FFE278C43A1003CDE31 /* MainCollectionVC.swift in Sources */,
				30863A102799B70F00CC45BA /* FavoriteFilm+CoreDataClass.swift in Sources */,
				305ADFE9278EFB0A002D39C8 /* SettingViewController.swift in Sources */,
				30863A112799B70F00CC45BA /* FavoriteFilm+CoreDataProperties.swift in Sources */,
				307DC0ED27A2C6BB00647613 /* CoreDataManager.swift in Sources */,
				30688002278C43DA003CDE31 /* CollectionViewCell.swift in Sources */,
				302CEE1527858CCD0017E0D7 /* Reachability.swift in Sources */,
				305C361E2799434400477095 /* Movie_Search_App.xcdatamodeld in Sources */,
				30595240275CED40003A7049 /* Film.swift in Sources */,
				30CA0C7F275BE43B009468D2 /* TVMazeApiManager.swift in Sources */,
				30688000278C43BF003CDE31 /* FavoritesCollectionVC.swift in Sources */,
				30595242275D5078003A7049 /* LoadViewController.swift in Sources */,
				305ADFE7278EC5D4002D39C8 /* InfoTableViewController.swift in Sources */,
				302F97E5277073E50000B975 /* Constants.swift in Sources */,
				30CA0C64275B8559009468D2 /* AppDelegate.swift in Sources */,
				30CA0C66275B8559009468D2 /* SceneDelegate.swift in Sources */,
			);
			runOnlyForDeploymentPostprocessing = 0;
		};
/* End PBXSourcesBuildPhase section */

/* Begin PBXVariantGroup section */
		30CA0C69275B8559009468D2 /* Main.storyboard */ = {
			isa = PBXVariantGroup;
			children = (
				30CA0C6A275B8559009468D2 /* Base */,
			);
			name = Main.storyboard;
			sourceTree = "<group>";
		};
		30CA0C71275B855B009468D2 /* LaunchScreen.storyboard */ = {
			isa = PBXVariantGroup;
			children = (
				30CA0C72275B855B009468D2 /* Base */,
			);
			name = LaunchScreen.storyboard;
			sourceTree = "<group>";
		};
/* End PBXVariantGroup section */

/* Begin XCBuildConfiguration section */
		30CA0C75275B855B009468D2 /* Debug */ = {
			isa = XCBuildConfiguration;
			buildSettings = {
				ALWAYS_SEARCH_USER_PATHS = NO;
				CLANG_ANALYZER_NONNULL = YES;
				CLANG_ANALYZER_NUMBER_OBJECT_CONVERSION = YES_AGGRESSIVE;
				CLANG_CXX_LANGUAGE_STANDARD = "gnu++17";
				CLANG_CXX_LIBRARY = "libc++";
				CLANG_ENABLE_MODULES = YES;
				CLANG_ENABLE_OBJC_ARC = YES;
				CLANG_ENABLE_OBJC_WEAK = YES;
				CLANG_WARN_BLOCK_CAPTURE_AUTORELEASING = YES;
				CLANG_WARN_BOOL_CONVERSION = YES;
				CLANG_WARN_COMMA = YES;
				CLANG_WARN_CONSTANT_CONVERSION = YES;
				CLANG_WARN_DEPRECATED_OBJC_IMPLEMENTATIONS = YES;
				CLANG_WARN_DIRECT_OBJC_ISA_USAGE = YES_ERROR;
				CLANG_WARN_DOCUMENTATION_COMMENTS = YES;
				CLANG_WARN_EMPTY_BODY = YES;
				CLANG_WARN_ENUM_CONVERSION = YES;
				CLANG_WARN_INFINITE_RECURSION = YES;
				CLANG_WARN_INT_CONVERSION = YES;
				CLANG_WARN_NON_LITERAL_NULL_CONVERSION = YES;
				CLANG_WARN_OBJC_IMPLICIT_RETAIN_SELF = YES;
				CLANG_WARN_OBJC_LITERAL_CONVERSION = YES;
				CLANG_WARN_OBJC_ROOT_CLASS = YES_ERROR;
				CLANG_WARN_QUOTED_INCLUDE_IN_FRAMEWORK_HEADER = YES;
				CLANG_WARN_RANGE_LOOP_ANALYSIS = YES;
				CLANG_WARN_STRICT_PROTOTYPES = YES;
				CLANG_WARN_SUSPICIOUS_MOVE = YES;
				CLANG_WARN_UNGUARDED_AVAILABILITY = YES_AGGRESSIVE;
				CLANG_WARN_UNREACHABLE_CODE = YES;
				CLANG_WARN__DUPLICATE_METHOD_MATCH = YES;
				COPY_PHASE_STRIP = NO;
				DEBUG_INFORMATION_FORMAT = dwarf;
				ENABLE_STRICT_OBJC_MSGSEND = YES;
				ENABLE_TESTABILITY = YES;
				GCC_C_LANGUAGE_STANDARD = gnu11;
				GCC_DYNAMIC_NO_PIC = NO;
				GCC_NO_COMMON_BLOCKS = YES;
				GCC_OPTIMIZATION_LEVEL = 0;
				GCC_PREPROCESSOR_DEFINITIONS = (
					"DEBUG=1",
					"$(inherited)",
				);
				GCC_WARN_64_TO_32_BIT_CONVERSION = YES;
				GCC_WARN_ABOUT_RETURN_TYPE = YES_ERROR;
				GCC_WARN_UNDECLARED_SELECTOR = YES;
				GCC_WARN_UNINITIALIZED_AUTOS = YES_AGGRESSIVE;
				GCC_WARN_UNUSED_FUNCTION = YES;
				GCC_WARN_UNUSED_VARIABLE = YES;
				IPHONEOS_DEPLOYMENT_TARGET = 15.0;
				MTL_ENABLE_DEBUG_INFO = INCLUDE_SOURCE;
				MTL_FAST_MATH = YES;
				ONLY_ACTIVE_ARCH = YES;
				SDKROOT = iphoneos;
				SWIFT_ACTIVE_COMPILATION_CONDITIONS = DEBUG;
				SWIFT_OPTIMIZATION_LEVEL = "-Onone";
			};
			name = Debug;
		};
		30CA0C76275B855B009468D2 /* Release */ = {
			isa = XCBuildConfiguration;
			buildSettings = {
				ALWAYS_SEARCH_USER_PATHS = NO;
				CLANG_ANALYZER_NONNULL = YES;
				CLANG_ANALYZER_NUMBER_OBJECT_CONVERSION = YES_AGGRESSIVE;
				CLANG_CXX_LANGUAGE_STANDARD = "gnu++17";
				CLANG_CXX_LIBRARY = "libc++";
				CLANG_ENABLE_MODULES = YES;
				CLANG_ENABLE_OBJC_ARC = YES;
				CLANG_ENABLE_OBJC_WEAK = YES;
				CLANG_WARN_BLOCK_CAPTURE_AUTORELEASING = YES;
				CLANG_WARN_BOOL_CONVERSION = YES;
				CLANG_WARN_COMMA = YES;
				CLANG_WARN_CONSTANT_CONVERSION = YES;
				CLANG_WARN_DEPRECATED_OBJC_IMPLEMENTATIONS = YES;
				CLANG_WARN_DIRECT_OBJC_ISA_USAGE = YES_ERROR;
				CLANG_WARN_DOCUMENTATION_COMMENTS = YES;
				CLANG_WARN_EMPTY_BODY = YES;
				CLANG_WARN_ENUM_CONVERSION = YES;
				CLANG_WARN_INFINITE_RECURSION = YES;
				CLANG_WARN_INT_CONVERSION = YES;
				CLANG_WARN_NON_LITERAL_NULL_CONVERSION = YES;
				CLANG_WARN_OBJC_IMPLICIT_RETAIN_SELF = YES;
				CLANG_WARN_OBJC_LITERAL_CONVERSION = YES;
				CLANG_WARN_OBJC_ROOT_CLASS = YES_ERROR;
				CLANG_WARN_QUOTED_INCLUDE_IN_FRAMEWORK_HEADER = YES;
				CLANG_WARN_RANGE_LOOP_ANALYSIS = YES;
				CLANG_WARN_STRICT_PROTOTYPES = YES;
				CLANG_WARN_SUSPICIOUS_MOVE = YES;
				CLANG_WARN_UNGUARDED_AVAILABILITY = YES_AGGRESSIVE;
				CLANG_WARN_UNREACHABLE_CODE = YES;
				CLANG_WARN__DUPLICATE_METHOD_MATCH = YES;
				COPY_PHASE_STRIP = NO;
				DEBUG_INFORMATION_FORMAT = "dwarf-with-dsym";
				ENABLE_NS_ASSERTIONS = NO;
				ENABLE_STRICT_OBJC_MSGSEND = YES;
				GCC_C_LANGUAGE_STANDARD = gnu11;
				GCC_NO_COMMON_BLOCKS = YES;
				GCC_WARN_64_TO_32_BIT_CONVERSION = YES;
				GCC_WARN_ABOUT_RETURN_TYPE = YES_ERROR;
				GCC_WARN_UNDECLARED_SELECTOR = YES;
				GCC_WARN_UNINITIALIZED_AUTOS = YES_AGGRESSIVE;
				GCC_WARN_UNUSED_FUNCTION = YES;
				GCC_WARN_UNUSED_VARIABLE = YES;
				IPHONEOS_DEPLOYMENT_TARGET = 15.0;
				MTL_ENABLE_DEBUG_INFO = NO;
				MTL_FAST_MATH = YES;
				SDKROOT = iphoneos;
				SWIFT_COMPILATION_MODE = wholemodule;
				SWIFT_OPTIMIZATION_LEVEL = "-O";
				VALIDATE_PRODUCT = YES;
			};
			name = Release;
		};
		30CA0C78275B855B009468D2 /* Debug */ = {
			isa = XCBuildConfiguration;
			baseConfigurationReference = F667D234C71075027A0BA8BA /* Pods-Movie Search App.debug.xcconfig */;
			buildSettings = {
				ASSETCATALOG_COMPILER_APPICON_NAME = AppIcon;
				ASSETCATALOG_COMPILER_GLOBAL_ACCENT_COLOR_NAME = AccentColor;
				CODE_SIGN_STYLE = Automatic;
				CURRENT_PROJECT_VERSION = 1;
				DEVELOPMENT_TEAM = RLKMAU8BCZ;
				GENERATE_INFOPLIST_FILE = YES;
				INFOPLIST_FILE = "Movie Search App/Info.plist";
				INFOPLIST_KEY_CFBundleDisplayName = "Movie-Search-App";
				INFOPLIST_KEY_UIApplicationSupportsIndirectInputEvents = YES;
				INFOPLIST_KEY_UILaunchStoryboardName = LaunchScreen;
				INFOPLIST_KEY_UIMainStoryboardFile = Main;
				INFOPLIST_KEY_UIRequiresFullScreen = YES;
				INFOPLIST_KEY_UISupportedInterfaceOrientations = "UIInterfaceOrientationLandscapeLeft UIInterfaceOrientationLandscapeRight UIInterfaceOrientationPortrait";
				INFOPLIST_KEY_UISupportedInterfaceOrientations_iPad = "UIInterfaceOrientationPortrait UIInterfaceOrientationPortraitUpsideDown UIInterfaceOrientationLandscapeLeft UIInterfaceOrientationLandscapeRight";
				INFOPLIST_KEY_UISupportedInterfaceOrientations_iPhone = "UIInterfaceOrientationPortrait UIInterfaceOrientationLandscapeLeft UIInterfaceOrientationLandscapeRight";
				INFOPLIST_KEY_UIUserInterfaceStyle = Light;
				LD_RUNPATH_SEARCH_PATHS = (
					"$(inherited)",
					"@executable_path/Frameworks",
				);
				MARKETING_VERSION = 1.0;
				PRODUCT_BUNDLE_IDENTIFIER = "com.microb.Movie-Search-App";
				PRODUCT_NAME = "$(TARGET_NAME)";
				SWIFT_EMIT_LOC_STRINGS = YES;
				SWIFT_VERSION = 5.0;
				TARGETED_DEVICE_FAMILY = "1,2";
			};
			name = Debug;
		};
		30CA0C79275B855B009468D2 /* Release */ = {
			isa = XCBuildConfiguration;
			baseConfigurationReference = F1058B4A519B07F5244E396C /* Pods-Movie Search App.release.xcconfig */;
			buildSettings = {
				ASSETCATALOG_COMPILER_APPICON_NAME = AppIcon;
				ASSETCATALOG_COMPILER_GLOBAL_ACCENT_COLOR_NAME = AccentColor;
				CODE_SIGN_STYLE = Automatic;
				CURRENT_PROJECT_VERSION = 1;
				DEVELOPMENT_TEAM = RLKMAU8BCZ;
				GENERATE_INFOPLIST_FILE = YES;
				INFOPLIST_FILE = "Movie Search App/Info.plist";
				INFOPLIST_KEY_CFBundleDisplayName = "Movie-Search-App";
				INFOPLIST_KEY_UIApplicationSupportsIndirectInputEvents = YES;
				INFOPLIST_KEY_UILaunchStoryboardName = LaunchScreen;
				INFOPLIST_KEY_UIMainStoryboardFile = Main;
				INFOPLIST_KEY_UIRequiresFullScreen = YES;
				INFOPLIST_KEY_UISupportedInterfaceOrientations = "UIInterfaceOrientationLandscapeLeft UIInterfaceOrientationLandscapeRight UIInterfaceOrientationPortrait";
				INFOPLIST_KEY_UISupportedInterfaceOrientations_iPad = "UIInterfaceOrientationPortrait UIInterfaceOrientationPortraitUpsideDown UIInterfaceOrientationLandscapeLeft UIInterfaceOrientationLandscapeRight";
				INFOPLIST_KEY_UISupportedInterfaceOrientations_iPhone = "UIInterfaceOrientationPortrait UIInterfaceOrientationLandscapeLeft UIInterfaceOrientationLandscapeRight";
				INFOPLIST_KEY_UIUserInterfaceStyle = Light;
				LD_RUNPATH_SEARCH_PATHS = (
					"$(inherited)",
					"@executable_path/Frameworks",
				);
				MARKETING_VERSION = 1.0;
				PRODUCT_BUNDLE_IDENTIFIER = "com.microb.Movie-Search-App";
				PRODUCT_NAME = "$(TARGET_NAME)";
				SWIFT_EMIT_LOC_STRINGS = YES;
				SWIFT_VERSION = 5.0;
				TARGETED_DEVICE_FAMILY = "1,2";
			};
			name = Release;
		};
/* End XCBuildConfiguration section */

/* Begin XCConfigurationList section */
		30CA0C5B275B8559009468D2 /* Build configuration list for PBXProject "Movie Search App" */ = {
			isa = XCConfigurationList;
			buildConfigurations = (
				30CA0C75275B855B009468D2 /* Debug */,
				30CA0C76275B855B009468D2 /* Release */,
			);
			defaultConfigurationIsVisible = 0;
			defaultConfigurationName = Release;
		};
		30CA0C77275B855B009468D2 /* Build configuration list for PBXNativeTarget "Movie Search App" */ = {
			isa = XCConfigurationList;
			buildConfigurations = (
				30CA0C78275B855B009468D2 /* Debug */,
				30CA0C79275B855B009468D2 /* Release */,
			);
			defaultConfigurationIsVisible = 0;
			defaultConfigurationName = Release;
		};
/* End XCConfigurationList section */

/* Begin XCVersionGroup section */
		30C87F1227689B5E002C7242 /* Movie_Search_App.xcdatamodeld */ = {
			isa = XCVersionGroup;
			children = (
				30C87F1327689B5E002C7242 /* Movie_Serch_App.xcdatamodel */,
			);
			currentVersion = 30C87F1327689B5E002C7242 /* Movie_Serch_App.xcdatamodel */;
			path = Movie_Search_App.xcdatamodeld;
			sourceTree = "<group>";
			versionGroupType = wrapper.xcdatamodel;
		};
/* End XCVersionGroup section */
	};
	rootObject = 30CA0C58275B8559009468D2 /* Project object */;
}
